
Microsoft Visual Studio Solution File, Format Version 12.00
# Visual Studio 14
VisualStudioVersion = 14.0.24720.0
MinimumVisualStudioVersion = 10.0.40219.1
Project("{8BC9CEB8-8B4A-11D0-8D11-00A0C91BC942}") = "TreeAlgsParallelization", "TreeAlgsParallelization\TreeAlgsParallelization.vcxproj", "{892C1C85-B054-4BA3-A598-42B0D4B4ED7E}"
EndProject
Project("{8BC9CEB8-8B4A-11D0-8D11-00A0C91BC942}") = "HTML_Logger", "HTML_Logger\HTML_Logger.vcxproj", "{2E7AE97C-C59A-493B-85FE-FF96D1FF8165}"
EndProject
Project("{8BC9CEB8-8B4A-11D0-8D11-00A0C91BC942}") = "GraphPainting", "GraphPainting\GraphPainting.vcxproj", "{68C7379A-6EF3-4B1A-A816-5F96BFD30268}"
EndProject
Project("{8BC9CEB8-8B4A-11D0-8D11-00A0C91BC942}") = "Demonstration", "Demonstration\Demonstration.vcxproj", "{A6E7E8C7-6508-477C-994E-5DCB956B8DAA}"
EndProject
Project("{8BC9CEB8-8B4A-11D0-8D11-00A0C91BC942}") = "SAT", "SAT\SAT.vcxproj", "{6EC3AEBB-35C2-4438-9BCD-40ECF43A34D7}"
EndProject
Global
	GlobalSection(SolutionConfigurationPlatforms) = preSolution
		Debug|x64 = Debug|x64
		Debug|x86 = Debug|x86
		Release|x64 = Release|x64
		Release|x86 = Release|x86
	EndGlobalSection
	GlobalSection(ProjectConfigurationPlatforms) = postSolution
		{892C1C85-B054-4BA3-A598-42B0D4B4ED7E}.Debug|x64.ActiveCfg = Debug|x64
		{892C1C85-B054-4BA3-A598-42B0D4B4ED7E}.Debug|x64.Build.0 = Debug|x64
		{892C1C85-B054-4BA3-A598-42B0D4B4ED7E}.Debug|x86.ActiveCfg = Debug|Win32
		{892C1C85-B054-4BA3-A598-42B0D4B4ED7E}.Debug|x86.Build.0 = Debug|Win32
		{892C1C85-B054-4BA3-A598-42B0D4B4ED7E}.Release|x64.ActiveCfg = Release|x64
		{892C1C85-B054-4BA3-A598-42B0D4B4ED7E}.Release|x64.Build.0 = Release|x64
		{892C1C85-B054-4BA3-A598-42B0D4B4ED7E}.Release|x86.ActiveCfg = Release|Win32
		{892C1C85-B054-4BA3-A598-42B0D4B4ED7E}.Release|x86.Build.0 = Release|Win32
		{2E7AE97C-C59A-493B-85FE-FF96D1FF8165}.Debug|x64.ActiveCfg = Debug|x64
		{2E7AE97C-C59A-493B-85FE-FF96D1FF8165}.Debug|x64.Build.0 = Debug|x64
		{2E7AE97C-C59A-493B-85FE-FF96D1FF8165}.Debug|x86.ActiveCfg = Debug|Win32
		{2E7AE97C-C59A-493B-85FE-FF96D1FF8165}.Debug|x86.Build.0 = Debug|Win32
		{2E7AE97C-C59A-493B-85FE-FF96D1FF8165}.Release|x64.ActiveCfg = Release|x64
		{2E7AE97C-C59A-493B-85FE-FF96D1FF8165}.Release|x64.Build.0 = Release|x64
		{2E7AE97C-C59A-493B-85FE-FF96D1FF8165}.Release|x86.ActiveCfg = Release|Win32
		{2E7AE97C-C59A-493B-85FE-FF96D1FF8165}.Release|x86.Build.0 = Release|Win32
		{68C7379A-6EF3-4B1A-A816-5F96BFD30268}.Debug|x64.ActiveCfg = Debug|x64
		{68C7379A-6EF3-4B1A-A816-5F96BFD30268}.Debug|x64.Build.0 = Debug|x64
		{68C7379A-6EF3-4B1A-A816-5F96BFD30268}.Debug|x86.ActiveCfg = Debug|Win32
		{68C7379A-6EF3-4B1A-A816-5F96BFD30268}.Debug|x86.Build.0 = Debug|Win32
		{68C7379A-6EF3-4B1A-A816-5F96BFD30268}.Release|x64.ActiveCfg = Release|x64
		{68C7379A-6EF3-4B1A-A816-5F96BFD30268}.Release|x64.Build.0 = Release|x64
		{68C7379A-6EF3-4B1A-A816-5F96BFD30268}.Release|x86.ActiveCfg = Release|Win32
		{68C7379A-6EF3-4B1A-A816-5F96BFD30268}.Release|x86.Build.0 = Release|Win32
		{A6E7E8C7-6508-477C-994E-5DCB956B8DAA}.Debug|x64.ActiveCfg = Debug|x64
		{A6E7E8C7-6508-477C-994E-5DCB956B8DAA}.Debug|x64.Build.0 = Debug|x64
		{A6E7E8C7-6508-477C-994E-5DCB956B8DAA}.Debug|x86.ActiveCfg = Debug|Win32
		{A6E7E8C7-6508-477C-994E-5DCB956B8DAA}.Debug|x86.Build.0 = Debug|Win32
		{A6E7E8C7-6508-477C-994E-5DCB956B8DAA}.Release|x64.ActiveCfg = Release|x64
		{A6E7E8C7-6508-477C-994E-5DCB956B8DAA}.Release|x64.Build.0 = Release|x64
		{A6E7E8C7-6508-477C-994E-5DCB956B8DAA}.Release|x86.ActiveCfg = Release|Win32
		{A6E7E8C7-6508-477C-994E-5DCB956B8DAA}.Release|x86.Build.0 = Release|Win32
		{6EC3AEBB-35C2-4438-9BCD-40ECF43A34D7}.Debug|x64.ActiveCfg = Debug|x64
		{6EC3AEBB-35C2-4438-9BCD-40ECF43A34D7}.Debug|x64.Build.0 = Debug|x64
		{6EC3AEBB-35C2-4438-9BCD-40ECF43A34D7}.Debug|x86.ActiveCfg = Debug|Win32
		{6EC3AEBB-35C2-4438-9BCD-40ECF43A34D7}.Debug|x86.Build.0 = Debug|Win32
		{6EC3AEBB-35C2-4438-9BCD-40ECF43A34D7}.Release|x64.ActiveCfg = Release|x64
		{6EC3AEBB-35C2-4438-9BCD-40ECF43A34D7}.Release|x64.Build.0 = Release|x64
		{6EC3AEBB-35C2-4438-9BCD-40ECF43A34D7}.Release|x86.ActiveCfg = Release|Win32
		{6EC3AEBB-35C2-4438-9BCD-40ECF43A34D7}.Release|x86.Build.0 = Release|Win32
	EndGlobalSection
	GlobalSection(SolutionProperties) = preSolution
		HideSolutionNode = FALSE
	EndGlobalSection
EndGlobal
